// !$*UTF8*$!
{
	archiveVersion = 1;
	classes = {
	};
	objectVersion = 50;
	objects = {

/* Begin PBXBuildFile section */
		B7C79F5D27CAB01200B5041F /* AppDelegate.swift in Sources */ = {isa = PBXBuildFile; fileRef = B7C79F5C27CAB01200B5041F /* AppDelegate.swift */; };
		B7C79F5F27CAB01200B5041F /* SceneDelegate.swift in Sources */ = {isa = PBXBuildFile; fileRef = B7C79F5E27CAB01200B5041F /* SceneDelegate.swift */; };
		B7C79F6127CAB01200B5041F /* ViewController.swift in Sources */ = {isa = PBXBuildFile; fileRef = B7C79F6027CAB01200B5041F /* ViewController.swift */; };
		B7C79F6427CAB01200B5041F /* Main.storyboard in Resources */ = {isa = PBXBuildFile; fileRef = B7C79F6227CAB01200B5041F /* Main.storyboard */; };
		B7C79F6627CAB01400B5041F /* Assets.xcassets in Resources */ = {isa = PBXBuildFile; fileRef = B7C79F6527CAB01400B5041F /* Assets.xcassets */; };
		B7C79F6927CAB01400B5041F /* LaunchScreen.storyboard in Resources */ = {isa = PBXBuildFile; fileRef = B7C79F6727CAB01400B5041F /* LaunchScreen.storyboard */; };
		B7C79F7427CAB01400B5041F /* FlashcardsTests.swift in Sources */ = {isa = PBXBuildFile; fileRef = B7C79F7327CAB01400B5041F /* FlashcardsTests.swift */; };
		B7C79F7F27CAB01400B5041F /* FlashcardsUITests.swift in Sources */ = {isa = PBXBuildFile; fileRef = B7C79F7E27CAB01400B5041F /* FlashcardsUITests.swift */; };
/* End PBXBuildFile section */

/* Begin PBXContainerItemProxy section */
		B7C79F7027CAB01400B5041F /* PBXContainerItemProxy */ = {
			isa = PBXContainerItemProxy;
			containerPortal = B7C79F5127CAB01200B5041F /* Project object */;
			proxyType = 1;
			remoteGlobalIDString = B7C79F5827CAB01200B5041F;
			remoteInfo = Flashcards;
		};
		B7C79F7B27CAB01400B5041F /* PBXContainerItemProxy */ = {
			isa = PBXContainerItemProxy;
			containerPortal = B7C79F5127CAB01200B5041F /* Project object */;
			proxyType = 1;
			remoteGlobalIDString = B7C79F5827CAB01200B5041F;
			remoteInfo = Flashcards;
		};
/* End PBXContainerItemProxy section */

/* Begin PBXFileReference section */
		B7C79F5927CAB01200B5041F /* Flashcards.app */ = {isa = PBXFileReference; explicitFileType = wrapper.application; includeInIndex = 0; path = Flashcards.app; sourceTree = BUILT_PRODUCTS_DIR; };
		B7C79F5C27CAB01200B5041F /* AppDelegate.swift */ = {isa = PBXFileReference; lastKnownFileType = sourcecode.swift; path = AppDelegate.swift; sourceTree = "<group>"; };
		B7C79F5E27CAB01200B5041F /* SceneDelegate.swift */ = {isa = PBXFileReference; lastKnownFileType = sourcecode.swift; path = SceneDelegate.swift; sourceTree = "<group>"; };
		B7C79F6027CAB01200B5041F /* ViewController.swift */ = {isa = PBXFileReference; lastKnownFileType = sourcecode.swift; path = ViewController.swift; sourceTree = "<group>"; };
		B7C79F6327CAB01200B5041F /* Base */ = {isa = PBXFileReference; lastKnownFileType = file.storyboard; name = Base; path = Base.lproj/Main.storyboard; sourceTree = "<group>"; };
		B7C79F6527CAB01400B5041F /* Assets.xcassets */ = {isa = PBXFileReference; lastKnownFileType = folder.assetcatalog; path = Assets.xcassets; sourceTree = "<group>"; };
		B7C79F6827CAB01400B5041F /* Base */ = {isa = PBXFileReference; lastKnownFileType = file.storyboard; name = Base; path = Base.lproj/LaunchScreen.storyboard; sourceTree = "<group>"; };
		B7C79F6A27CAB01400B5041F /* Info.plist */ = {isa = PBXFileReference; lastKnownFileType = text.plist.xml; path = Info.plist; sourceTree = "<group>"; };
		B7C79F6F27CAB01400B5041F /* FlashcardsTests.xctest */ = {isa = PBXFileReference; explicitFileType = wrapper.cfbundle; includeInIndex = 0; path = FlashcardsTests.xctest; sourceTree = BUILT_PRODUCTS_DIR; };
		B7C79F7327CAB01400B5041F /* FlashcardsTests.swift */ = {isa = PBXFileReference; lastKnownFileType = sourcecode.swift; path = FlashcardsTests.swift; sourceTree = "<group>"; };
		B7C79F7527CAB01400B5041F /* Info.plist */ = {isa = PBXFileReference; lastKnownFileType = text.plist.xml; path = Info.plist; sourceTree = "<group>"; };
		B7C79F7A27CAB01400B5041F /* FlashcardsUITests.xctest */ = {isa = PBXFileReference; explicitFileType = wrapper.cfbundle; includeInIndex = 0; path = FlashcardsUITests.xctest; sourceTree = BUILT_PRODUCTS_DIR; };
		B7C79F7E27CAB01400B5041F /* FlashcardsUITests.swift */ = {isa = PBXFileReference; lastKnownFileType = sourcecode.swift; path = FlashcardsUITests.swift; sourceTree = "<group>"; };
		B7C79F8027CAB01400B5041F /* Info.plist */ = {isa = PBXFileReference; lastKnownFileType = text.plist.xml; path = Info.plist; sourceTree = "<group>"; };
/* End PBXFileReference section */

/* Begin PBXFrameworksBuildPhase section */
		B7C79F5627CAB01200B5041F /* Frameworks */ = {
			isa = PBXFrameworksBuildPhase;
			buildActionMask = 2147483647;
			files = (
			);
			runOnlyForDeploymentPostprocessing = 0;
		};
		B7C79F6C27CAB01400B5041F /* Frameworks */ = {
			isa = PBXFrameworksBuildPhase;
			buildActionMask = 2147483647;
			files = (
			);
			runOnlyForDeploymentPostprocessing = 0;
		};
		B7C79F7727CAB01400B5041F /* Frameworks */ = {
			isa = PBXFrameworksBuildPhase;
			buildActionMask = 2147483647;
			files = (
			);
			runOnlyForDeploymentPostprocessing = 0;
		};
/* End PBXFrameworksBuildPhase section */

/* Begin PBXGroup section */
		B7C79F5027CAB01200B5041F = {
			isa = PBXGroup;
			children = (
				B7C79F5B27CAB01200B5041F /* Flashcards */,
				B7C79F7227CAB01400B5041F /* FlashcardsTests */,
				B7C79F7D27CAB01400B5041F /* FlashcardsUITests */,
				B7C79F5A27CAB01200B5041F /* Products */,
			);
			sourceTree = "<group>";
		};
		B7C79F5A27CAB01200B5041F /* Products */ = {
			isa = PBXGroup;
			children = (
				B7C79F5927CAB01200B5041F /* Flashcards.app */,
				B7C79F6F27CAB01400B5041F /* FlashcardsTests.xctest */,
				B7C79F7A27CAB01400B5041F /* FlashcardsUITests.xctest */,
			);
			name = Products;
			sourceTree = "<group>";
		};
		B7C79F5B27CAB01200B5041F /* Flashcards */ = {
			isa = PBXGroup;
			children = (
				B7C79F5C27CAB01200B5041F /* AppDelegate.swift */,
				B7C79F5E27CAB01200B5041F /* SceneDelegate.swift */,
				B7C79F6027CAB01200B5041F /* ViewController.swift */,
				B7C79F6227CAB01200B5041F /* Main.storyboard */,
				B7C79F6527CAB01400B5041F /* Assets.xcassets */,
				B7C79F6727CAB01400B5041F /* LaunchScreen.storyboard */,
				B7C79F6A27CAB01400B5041F /* Info.plist */,
			);
			path = Flashcards;
			sourceTree = "<group>";
		};
		B7C79F7227CAB01400B5041F /* FlashcardsTests */ = {
			isa = PBXGroup;
			children = (
				B7C79F7327CAB01400B5041F /* FlashcardsTests.swift */,
				B7C79F7527CAB01400B5041F /* Info.plist */,
			);
			path = FlashcardsTests;
			sourceTree = "<group>";
		};
		B7C79F7D27CAB01400B5041F /* FlashcardsUITests */ = {
			isa = PBXGroup;
			children = (
				B7C79F7E27CAB01400B5041F /* FlashcardsUITests.swift */,
				B7C79F8027CAB01400B5041F /* Info.plist */,
			);
			path = FlashcardsUITests;
			sourceTree = "<group>";
		};
/* End PBXGroup section */

/* Begin PBXNativeTarget section */
		B7C79F5827CAB01200B5041F /* Flashcards */ = {
			isa = PBXNativeTarget;
			buildConfigurationList = B7C79F8327CAB01400B5041F /* Build configuration list for PBXNativeTarget "Flashcards" */;
			buildPhases = (
				B7C79F5527CAB01200B5041F /* Sources */,
				B7C79F5627CAB01200B5041F /* Frameworks */,
				B7C79F5727CAB01200B5041F /* Resources */,
			);
			buildRules = (
			);
			dependencies = (
			);
			name = Flashcards;
			productName = Flashcards;
			productReference = B7C79F5927CAB01200B5041F /* Flashcards.app */;
			productType = "com.apple.product-type.application";
		};
		B7C79F6E27CAB01400B5041F /* FlashcardsTests */ = {
			isa = PBXNativeTarget;
			buildConfigurationList = B7C79F8627CAB01400B5041F /* Build configuration list for PBXNativeTarget "FlashcardsTests" */;
			buildPhases = (
				B7C79F6B27CAB01400B5041F /* Sources */,
				B7C79F6C27CAB01400B5041F /* Frameworks */,
				B7C79F6D27CAB01400B5041F /* Resources */,
			);
			buildRules = (
			);
			dependencies = (
				B7C79F7127CAB01400B5041F /* PBXTargetDependency */,
			);
			name = FlashcardsTests;
			productName = FlashcardsTests;
			productReference = B7C79F6F27CAB01400B5041F /* FlashcardsTests.xctest */;
			productType = "com.apple.product-type.bundle.unit-test";
		};
		B7C79F7927CAB01400B5041F /* FlashcardsUITests */ = {
			isa = PBXNativeTarget;
			buildConfigurationList = B7C79F8927CAB01400B5041F /* Build configuration list for PBXNativeTarget "FlashcardsUITests" */;
			buildPhases = (
				B7C79F7627CAB01400B5041F /* Sources */,
				B7C79F7727CAB01400B5041F /* Frameworks */,
				B7C79F7827CAB01400B5041F /* Resources */,
			);
			buildRules = (
			);
			dependencies = (
				B7C79F7C27CAB01400B5041F /* PBXTargetDependency */,
			);
			name = FlashcardsUITests;
			productName = FlashcardsUITests;
			productReference = B7C79F7A27CAB01400B5041F /* FlashcardsUITests.xctest */;
			productType = "com.apple.product-type.bundle.ui-testing";
		};
/* End PBXNativeTarget section */

/* Begin PBXProject section */
		B7C79F5127CAB01200B5041F /* Project object */ = {
			isa = PBXProject;
			attributes = {
				LastSwiftUpdateCheck = 1240;
				LastUpgradeCheck = 1240;
				TargetAttributes = {
					B7C79F5827CAB01200B5041F = {
						CreatedOnToolsVersion = 12.4;
					};
					B7C79F6E27CAB01400B5041F = {
						CreatedOnToolsVersion = 12.4;
						TestTargetID = B7C79F5827CAB01200B5041F;
					};
					B7C79F7927CAB01400B5041F = {
						CreatedOnToolsVersion = 12.4;
						TestTargetID = B7C79F5827CAB01200B5041F;
					};
				};
			};
			buildConfigurationList = B7C79F5427CAB01200B5041F /* Build configuration list for PBXProject "Flashcards" */;
			compatibilityVersion = "Xcode 9.3";
			developmentRegion = en;
			hasScannedForEncodings = 0;
			knownRegions = (
				en,
				Base,
			);
			mainGroup = B7C79F5027CAB01200B5041F;
			productRefGroup = B7C79F5A27CAB01200B5041F /* Products */;
			projectDirPath = "";
			projectRoot = "";
			targets = (
				B7C79F5827CAB01200B5041F /* Flashcards */,
				B7C79F6E27CAB01400B5041F /* FlashcardsTests */,
				B7C79F7927CAB01400B5041F /* FlashcardsUITests */,
			);
		};
/* End PBXProject section */

/* Begin PBXResourcesBuildPhase section */
		B7C79F5727CAB01200B5041F /* Resources */ = {
			isa = PBXResourcesBuildPhase;
			buildActionMask = 2147483647;
			files = (
				B7C79F6927CAB01400B5041F /* LaunchScreen.storyboard in Resources */,
				B7C79F6627CAB01400B5041F /* Assets.xcassets in Resources */,
				B7C79F6427CAB01200B5041F /* Main.storyboard in Resources */,
			);
			runOnlyForDeploymentPostprocessing = 0;
		};
		B7C79F6D27CAB01400B5041F /* Resources */ = {
			isa = PBXResourcesBuildPhase;
			buildActionMask = 2147483647;
			files = (
			);
			runOnlyForDeploymentPostprocessing = 0;
		};
		B7C79F7827CAB01400B5041F /* Resources */ = {
			isa = PBXResourcesBuildPhase;
			buildActionMask = 2147483647;
			files = (
			);
			runOnlyForDeploymentPostprocessing = 0;
		};
/* End PBXResourcesBuildPhase section */

/* Begin PBXSourcesBuildPhase section */
		B7C79F5527CAB01200B5041F /* Sources */ = {
			isa = PBXSourcesBuildPhase;
			buildActionMask = 2147483647;
			files = (
				B7C79F6127CAB01200B5041F /* ViewController.swift in Sources */,
				B7C79F5D27CAB01200B5041F /* AppDelegate.swift in Sources */,
				B7C79F5F27CAB01200B5041F /* SceneDelegate.swift in Sources */,
			);
			runOnlyForDeploymentPostprocessing = 0;
		};
		B7C79F6B27CAB01400B5041F /* Sources */ = {
			isa = PBXSourcesBuildPhase;
			buildActionMask = 2147483647;
			files = (
				B7C79F7427CAB01400B5041F /* FlashcardsTests.swift in Sources */,
			);
			runOnlyForDeploymentPostprocessing = 0;
		};
		B7C79F7627CAB01400B5041F /* Sources */ = {
			isa = PBXSourcesBuildPhase;
			buildActionMask = 2147483647;
			files = (
				B7C79F7F27CAB01400B5041F /* FlashcardsUITests.swift in Sources */,
			);
			runOnlyForDeploymentPostprocessing = 0;
		};
/* End PBXSourcesBuildPhase section */

/* Begin PBXTargetDependency section */
		B7C79F7127CAB01400B5041F /* PBXTargetDependency */ = {
			isa = PBXTargetDependency;
			target = B7C79F5827CAB01200B5041F /* Flashcards */;
			targetProxy = B7C79F7027CAB01400B5041F /* PBXContainerItemProxy */;
		};
		B7C79F7C27CAB01400B5041F /* PBXTargetDependency */ = {
			isa = PBXTargetDependency;
			target = B7C79F5827CAB01200B5041F /* Flashcards */;
			targetProxy = B7C79F7B27CAB01400B5041F /* PBXContainerItemProxy */;
		};
/* End PBXTargetDependency section */

/* Begin PBXVariantGroup section */
		B7C79F6227CAB01200B5041F /* Main.storyboard */ = {
			isa = PBXVariantGroup;
			children = (
				B7C79F6327CAB01200B5041F /* Base */,
			);
			name = Main.storyboard;
			sourceTree = "<group>";
		};
		B7C79F6727CAB01400B5041F /* LaunchScreen.storyboard */ = {
			isa = PBXVariantGroup;
			children = (
				B7C79F6827CAB01400B5041F /* Base */,
			);
			name = LaunchScreen.storyboard;
			sourceTree = "<group>";
		};
/* End PBXVariantGroup section */

/* Begin XCBuildConfiguration section */
		B7C79F8127CAB01400B5041F /* Debug */ = {
			isa = XCBuildConfiguration;
			buildSettings = {
				ALWAYS_SEARCH_USER_PATHS = NO;
				CLANG_ANALYZER_NONNULL = YES;
				CLANG_ANALYZER_NUMBER_OBJECT_CONVERSION = YES_AGGRESSIVE;
				CLANG_CXX_LANGUAGE_STANDARD = "gnu++14";
				CLANG_CXX_LIBRARY = "libc++";
				CLANG_ENABLE_MODULES = YES;
				CLANG_ENABLE_OBJC_ARC = YES;
				CLANG_ENABLE_OBJC_WEAK = YES;
				CLANG_WARN_BLOCK_CAPTURE_AUTORELEASING = YES;
				CLANG_WARN_BOOL_CONVERSION = YES;
				CLANG_WARN_COMMA = YES;
				CLANG_WARN_CONSTANT_CONVERSION = YES;
				CLANG_WARN_DEPRECATED_OBJC_IMPLEMENTATIONS = YES;
				CLANG_WARN_DIRECT_OBJC_ISA_USAGE = YES_ERROR;
				CLANG_WARN_DOCUMENTATION_COMMENTS = YES;
				CLANG_WARN_EMPTY_BODY = YES;
				CLANG_WARN_ENUM_CONVERSION = YES;
				CLANG_WARN_INFINITE_RECURSION = YES;
				CLANG_WARN_INT_CONVERSION = YES;
				CLANG_WARN_NON_LITERAL_NULL_CONVERSION = YES;
				CLANG_WARN_OBJC_IMPLICIT_RETAIN_SELF = YES;
				CLANG_WARN_OBJC_LITERAL_CONVERSION = YES;
				CLANG_WARN_OBJC_ROOT_CLASS = YES_ERROR;
				CLANG_WARN_QUOTED_INCLUDE_IN_FRAMEWORK_HEADER = YES;
				CLANG_WARN_RANGE_LOOP_ANALYSIS = YES;
				CLANG_WARN_STRICT_PROTOTYPES = YES;
				CLANG_WARN_SUSPICIOUS_MOVE = YES;
				CLANG_WARN_UNGUARDED_AVAILABILITY = YES_AGGRESSIVE;
				CLANG_WARN_UNREACHABLE_CODE = YES;
				CLANG_WARN__DUPLICATE_METHOD_MATCH = YES;
				COPY_PHASE_STRIP = NO;
				DEBUG_INFORMATION_FORMAT = dwarf;
				ENABLE_STRICT_OBJC_MSGSEND = YES;
				ENABLE_TESTABILITY = YES;
				GCC_C_LANGUAGE_STANDARD = gnu11;
				GCC_DYNAMIC_NO_PIC = NO;
				GCC_NO_COMMON_BLOCKS = YES;
				GCC_OPTIMIZATION_LEVEL = 0;
				GCC_PREPROCESSOR_DEFINITIONS = (
					"DEBUG=1",
					"$(inherited)",
				);
				GCC_WARN_64_TO_32_BIT_CONVERSION = YES;
				GCC_WARN_ABOUT_RETURN_TYPE = YES_ERROR;
				GCC_WARN_UNDECLARED_SELECTOR = YES;
				GCC_WARN_UNINITIALIZED_AUTOS = YES_AGGRESSIVE;
				GCC_WARN_UNUSED_FUNCTION = YES;
				GCC_WARN_UNUSED_VARIABLE = YES;
				IPHONEOS_DEPLOYMENT_TARGET = 14.4;
				MTL_ENABLE_DEBUG_INFO = INCLUDE_SOURCE;
				MTL_FAST_MATH = YES;
				ONLY_ACTIVE_ARCH = YES;
				SDKROOT = iphoneos;
				SWIFT_ACTIVE_COMPILATION_CONDITIONS = DEBUG;
				SWIFT_OPTIMIZATION_LEVEL = "-Onone";
			};
			name = Debug;
		};
		B7C79F8227CAB01400B5041F /* Release */ = {
			isa = XCBuildConfiguration;
			buildSettings = {
				ALWAYS_SEARCH_USER_PATHS = NO;
				CLANG_ANALYZER_NONNULL = YES;
				CLANG_ANALYZER_NUMBER_OBJECT_CONVERSION = YES_AGGRESSIVE;
				CLANG_CXX_LANGUAGE_STANDARD = "gnu++14";
				CLANG_CXX_LIBRARY = "libc++";
				CLANG_ENABLE_MODULES = YES;
				CLANG_ENABLE_OBJC_ARC = YES;
				CLANG_ENABLE_OBJC_WEAK = YES;
				CLANG_WARN_BLOCK_CAPTURE_AUTORELEASING = YES;
				CLANG_WARN_BOOL_CONVERSION = YES;
				CLANG_WARN_COMMA = YES;
				CLANG_WARN_CONSTANT_CONVERSION = YES;
				CLANG_WARN_DEPRECATED_OBJC_IMPLEMENTATIONS = YES;
				CLANG_WARN_DIRECT_OBJC_ISA_USAGE = YES_ERROR;
				CLANG_WARN_DOCUMENTATION_COMMENTS = YES;
				CLANG_WARN_EMPTY_BODY = YES;
				CLANG_WARN_ENUM_CONVERSION = YES;
				CLANG_WARN_INFINITE_RECURSION = YES;
				CLANG_WARN_INT_CONVERSION = YES;
				CLANG_WARN_NON_LITERAL_NULL_CONVERSION = YES;
				CLANG_WARN_OBJC_IMPLICIT_RETAIN_SELF = YES;
				CLANG_WARN_OBJC_LITERAL_CONVERSION = YES;
				CLANG_WARN_OBJC_ROOT_CLASS = YES_ERROR;
				CLANG_WARN_QUOTED_INCLUDE_IN_FRAMEWORK_HEADER = YES;
				CLANG_WARN_RANGE_LOOP_ANALYSIS = YES;
				CLANG_WARN_STRICT_PROTOTYPES = YES;
				CLANG_WARN_SUSPICIOUS_MOVE = YES;
				CLANG_WARN_UNGUARDED_AVAILABILITY = YES_AGGRESSIVE;
				CLANG_WARN_UNREACHABLE_CODE = YES;
				CLANG_WARN__DUPLICATE_METHOD_MATCH = YES;
				COPY_PHASE_STRIP = NO;
				DEBUG_INFORMATION_FORMAT = "dwarf-with-dsym";
				ENABLE_NS_ASSERTIONS = NO;
				ENABLE_STRICT_OBJC_MSGSEND = YES;
				GCC_C_LANGUAGE_STANDARD = gnu11;
				GCC_NO_COMMON_BLOCKS = YES;
				GCC_WARN_64_TO_32_BIT_CONVERSION = YES;
				GCC_WARN_ABOUT_RETURN_TYPE = YES_ERROR;
				GCC_WARN_UNDECLARED_SELECTOR = YES;
				GCC_WARN_UNINITIALIZED_AUTOS = YES_AGGRESSIVE;
				GCC_WARN_UNUSED_FUNCTION = YES;
				GCC_WARN_UNUSED_VARIABLE = YES;
				IPHONEOS_DEPLOYMENT_TARGET = 14.4;
				MTL_ENABLE_DEBUG_INFO = NO;
				MTL_FAST_MATH = YES;
				SDKROOT = iphoneos;
				SWIFT_COMPILATION_MODE = wholemodule;
				SWIFT_OPTIMIZATION_LEVEL = "-O";
				VALIDATE_PRODUCT = YES;
			};
			name = Release;
		};
		B7C79F8427CAB01400B5041F /* Debug */ = {
			isa = XCBuildConfiguration;
			buildSettings = {
				ASSETCATALOG_COMPILER_APPICON_NAME = AppIcon;
				ASSETCATALOG_COMPILER_GLOBAL_ACCENT_COLOR_NAME = AccentColor;
				CODE_SIGN_STYLE = Automatic;
				INFOPLIST_FILE = Flashcards/Info.plist;
				LD_RUNPATH_SEARCH_PATHS = (
					"$(inherited)",
					"@executable_path/Frameworks",
				);
				PRODUCT_BUNDLE_IDENTIFIER = com.peterxiao.Flashcards;
				PRODUCT_NAME = "$(TARGET_NAME)";
				SWIFT_VERSION = 5.0;
				TARGETED_DEVICE_FAMILY = "1,2";
			};
			name = Debug;
		};
		B7C79F8527CAB01400B5041F /* Release */ = {
			isa = XCBuildConfiguration;
			buildSettings = {
				ASSETCATALOG_COMPILER_APPICON_NAME = AppIcon;
				ASSETCATALOG_COMPILER_GLOBAL_ACCENT_COLOR_NAME = AccentColor;
				CODE_SIGN_STYLE = Automatic;
				INFOPLIST_FILE = Flashcards/Info.plist;
				LD_RUNPATH_SEARCH_PATHS = (
					"$(inherited)",
					"@executable_path/Frameworks",
				);
				PRODUCT_BUNDLE_IDENTIFIER = com.peterxiao.Flashcards;
				PRODUCT_NAME = "$(TARGET_NAME)";
				SWIFT_VERSION = 5.0;
				TARGETED_DEVICE_FAMILY = "1,2";
			};
			name = Release;
		};
		B7C79F8727CAB01400B5041F /* Debug */ = {
			isa = XCBuildConfiguration;
			buildSettings = {
				ALWAYS_EMBED_SWIFT_STANDARD_LIBRARIES = YES;
				BUNDLE_LOADER = "$(TEST_HOST)";
				CODE_SIGN_STYLE = Automatic;
				INFOPLIST_FILE = FlashcardsTests/Info.plist;
				IPHONEOS_DEPLOYMENT_TARGET = 14.4;
				LD_RUNPATH_SEARCH_PATHS = (
					"$(inherited)",
					"@executable_path/Frameworks",
					"@loader_path/Frameworks",
				);
				PRODUCT_BUNDLE_IDENTIFIER = com.peterxiao.FlashcardsTests;
				PRODUCT_NAME = "$(TARGET_NAME)";
				SWIFT_VERSION = 5.0;
				TARGETED_DEVICE_FAMILY = "1,2";
				TEST_HOST = "$(BUILT_PRODUCTS_DIR)/Flashcards.app/Flashcards";
			};
			name = Debug;
		};
		B7C79F8827CAB01400B5041F /* Release */ = {
			isa = XCBuildConfiguration;
			buildSettings = {
				ALWAYS_EMBED_SWIFT_STANDARD_LIBRARIES = YES;
				BUNDLE_LOADER = "$(TEST_HOST)";
				CODE_SIGN_STYLE = Automatic;
				INFOPLIST_FILE = FlashcardsTests/Info.plist;
				IPHONEOS_DEPLOYMENT_TARGET = 14.4;
				LD_RUNPATH_SEARCH_PATHS = (
					"$(inherited)",
					"@executable_path/Frameworks",
					"@loader_path/Frameworks",
				);
				PRODUCT_BUNDLE_IDENTIFIER = com.peterxiao.FlashcardsTests;
				PRODUCT_NAME = "$(TARGET_NAME)";
				SWIFT_VERSION = 5.0;
				TARGETED_DEVICE_FAMILY = "1,2";
				TEST_HOST = "$(BUILT_PRODUCTS_DIR)/Flashcards.app/Flashcards";
			};
			name = Release;
		};
		B7C79F8A27CAB01400B5041F /* Debug */ = {
			isa = XCBuildConfiguration;
			buildSettings = {
				ALWAYS_EMBED_SWIFT_STANDARD_LIBRARIES = YES;
				CODE_SIGN_STYLE = Automatic;
				INFOPLIST_FILE = FlashcardsUITests/Info.plist;
				LD_RUNPATH_SEARCH_PATHS = (
					"$(inherited)",
					"@executable_path/Frameworks",
					"@loader_path/Frameworks",
				);
				PRODUCT_BUNDLE_IDENTIFIER = com.peterxiao.FlashcardsUITests;
				PRODUCT_NAME = "$(TARGET_NAME)";
				SWIFT_VERSION = 5.0;
				TARGETED_DEVICE_FAMILY = "1,2";
				TEST_TARGET_NAME = Flashcards;
			};
			name = Debug;
		};
		B7C79F8B27CAB01400B5041F /* Release */ = {
			isa = XCBuildConfiguration;
			buildSettings = {
				ALWAYS_EMBED_SWIFT_STANDARD_LIBRARIES = YES;
				CODE_SIGN_STYLE = Automatic;
				INFOPLIST_FILE = FlashcardsUITests/Info.plist;
				LD_RUNPATH_SEARCH_PATHS = (
					"$(inherited)",
					"@executable_path/Frameworks",
					"@loader_path/Frameworks",
				);
				PRODUCT_BUNDLE_IDENTIFIER = com.peterxiao.FlashcardsUITests;
				PRODUCT_NAME = "$(TARGET_NAME)";
				SWIFT_VERSION = 5.0;
				TARGETED_DEVICE_FAMILY = "1,2";
				TEST_TARGET_NAME = Flashcards;
			};
			name = Release;
		};
/* End XCBuildConfiguration section */

/* Begin XCConfigurationList section */
		B7C79F5427CAB01200B5041F /* Build configuration list for PBXProject "Flashcards" */ = {
			isa = XCConfigurationList;
			buildConfigurations = (
				B7C79F8127CAB01400B5041F /* Debug */,
				B7C79F8227CAB01400B5041F /* Release */,
			);
			defaultConfigurationIsVisible = 0;
			defaultConfigurationName = Release;
		};
		B7C79F8327CAB01400B5041F /* Build configuration list for PBXNativeTarget "Flashcards" */ = {
			isa = XCConfigurationList;
			buildConfigurations = (
				B7C79F8427CAB01400B5041F /* Debug */,
				B7C79F8527CAB01400B5041F /* Release */,
			);
			defaultConfigurationIsVisible = 0;
			defaultConfigurationName = Release;
		};
		B7C79F8627CAB01400B5041F /* Build configuration list for PBXNativeTarget "FlashcardsTests" */ = {
			isa = XCConfigurationList;
			buildConfigurations = (
				B7C79F8727CAB01400B5041F /* Debug */,
				B7C79F8827CAB01400B5041F /* Release */,
			);
			defaultConfigurationIsVisible = 0;
			defaultConfigurationName = Release;
		};
		B7C79F8927CAB01400B5041F /* Build configuration list for PBXNativeTarget "FlashcardsUITests" */ = {
			isa = XCConfigurationList;
			buildConfigurations = (
				B7C79F8A27CAB01400B5041F /* Debug */,
				B7C79F8B27CAB01400B5041F /* Release */,
			);
			defaultConfigurationIsVisible = 0;
			defaultConfigurationName = Release;
		};
/* End XCConfigurationList section */
	};
	rootObject = B7C79F5127CAB01200B5041F /* Project object */;
}
